
Microsoft Visual Studio Solution File, Format Version 12.00
# Visual Studio Version 16
VisualStudioVersion = 16.0.30717.126
MinimumVisualStudioVersion = 10.0.40219.1
Project("{FAE04EC0-301F-11D3-BF4B-00C04F79EFBC}") = "ProcessOrderDemo", "ProcessOrderDemo\ProcessOrderDemo.csproj", "{A8F1B0B7-DD6B-4D73-A091-761D7D1BD4D7}"
EndProject
Global
	GlobalSection(SolutionConfigurationPlatforms) = preSolution
		Debug|Any CPU = Debug|Any CPU
		Release|Any CPU = Release|Any CPU
	EndGlobalSection
	GlobalSection(ProjectConfigurationPlatforms) = postSolution
		{A8F1B0B7-DD6B-4D73-A091-761D7D1BD4D7}.Debug|Any CPU.ActiveCfg = Debug|Any CPU
		{A8F1B0B7-DD6B-4D73-A091-761D7D1BD4D7}.Debug|Any CPU.Build.0 = Debug|Any CPU
		{A8F1B0B7-DD6B-4D73-A091-761D7D1BD4D7}.Release|Any CPU.ActiveCfg = Release|Any CPU
		{A8F1B0B7-DD6B-4D73-A091-761D7D1BD4D7}.Release|Any CPU.Build.0 = Release|Any CPU
	EndGlobalSection
	GlobalSection(SolutionProperties) = preSolution
		HideSolutionNode = FALSE
	EndGlobalSection
	GlobalSection(ExtensibilityGlobals) = postSolution
		SolutionGuid = {23FA2C57-9396-4A6C-A0C9-005D09720DE1}
	EndGlobalSection
EndGlobal
