
Microsoft Visual Studio Solution File, Format Version 12.00
# Visual Studio Version 16
VisualStudioVersion = 16.0.30717.126
MinimumVisualStudioVersion = 10.0.40219.1
Project("{FAE04EC0-301F-11D3-BF4B-00C04F79EFBC}") = "UploadingDemo", "UploadingDemo\UploadingDemo.csproj", "{0E3E188A-950F-4D2D-8325-D7F030E6F5EC}"
EndProject
Global
	GlobalSection(SolutionConfigurationPlatforms) = preSolution
		Debug|Any CPU = Debug|Any CPU
		Release|Any CPU = Release|Any CPU
	EndGlobalSection
	GlobalSection(ProjectConfigurationPlatforms) = postSolution
		{0E3E188A-950F-4D2D-8325-D7F030E6F5EC}.Debug|Any CPU.ActiveCfg = Debug|Any CPU
		{0E3E188A-950F-4D2D-8325-D7F030E6F5EC}.Debug|Any CPU.Build.0 = Debug|Any CPU
		{0E3E188A-950F-4D2D-8325-D7F030E6F5EC}.Release|Any CPU.ActiveCfg = Release|Any CPU
		{0E3E188A-950F-4D2D-8325-D7F030E6F5EC}.Release|Any CPU.Build.0 = Release|Any CPU
	EndGlobalSection
	GlobalSection(SolutionProperties) = preSolution
		HideSolutionNode = FALSE
	EndGlobalSection
	GlobalSection(ExtensibilityGlobals) = postSolution
		SolutionGuid = {30962CC3-7B6F-4510-BC8B-13A98E16C827}
	EndGlobalSection
EndGlobal
